
Microsoft Visual Studio Solution File, Format Version 12.00
# Visual Studio Version 16
VisualStudioVersion = 16.0.31321.278
MinimumVisualStudioVersion = 10.0.40219.1
Project("{FAE04EC0-301F-11D3-BF4B-00C04F79EFBC}") = "CompetitionResults", "CompetitionResults.csproj", "{AA670DB5-7B00-42B1-8039-717F7EFC65A6}"
EndProject
Global
	GlobalSection(SolutionConfigurationPlatforms) = preSolution
		Debug|Any CPU = Debug|Any CPU
		Release|Any CPU = Release|Any CPU
	EndGlobalSection
	GlobalSection(ProjectConfigurationPlatforms) = postSolution
		{AA670DB5-7B00-42B1-8039-717F7EFC65A6}.Debug|Any CPU.ActiveCfg = Debug|Any CPU
		{AA670DB5-7B00-42B1-8039-717F7EFC65A6}.Debug|Any CPU.Build.0 = Debug|Any CPU
		{AA670DB5-7B00-42B1-8039-717F7EFC65A6}.Release|Any CPU.ActiveCfg = Release|Any CPU
		{AA670DB5-7B00-42B1-8039-717F7EFC65A6}.Release|Any CPU.Build.0 = Release|Any CPU
	EndGlobalSection
	GlobalSection(SolutionProperties) = preSolution
		HideSolutionNode = FALSE
	EndGlobalSection
	GlobalSection(ExtensibilityGlobals) = postSolution
		SolutionGuid = {281B258D-B75F-4209-BECA-3E4F9E5E1F54}
	EndGlobalSection
EndGlobal
